
Microsoft Visual Studio Solution File, Format Version 12.00
# Visual Studio Version 17
VisualStudioVersion = 17.12.35707.178
MinimumVisualStudioVersion = 10.0.40219.1
Project("{FAE04EC0-301F-11D3-BF4B-00C04F79EFBC}") = "CoreApiProject.Server", "CoreApiProject.Server\CoreApiProject.Server.csproj", "{0015233F-B928-45C1-8030-86706B8A4D24}"
EndProject
Project("{54A90642-561A-4BB1-A94E-469ADEE60C69}") = "coreapiproject.client", "coreapiproject.client\coreapiproject.client.esproj", "{8F6B6D51-F273-47F5-8CB6-EE0D021CEEC2}"
EndProject
Global
	GlobalSection(SolutionConfigurationPlatforms) = preSolution
		Debug|Any CPU = Debug|Any CPU
		Release|Any CPU = Release|Any CPU
	EndGlobalSection
	GlobalSection(ProjectConfigurationPlatforms) = postSolution
		{0015233F-B928-45C1-8030-86706B8A4D24}.Debug|Any CPU.ActiveCfg = Debug|Any CPU
		{0015233F-B928-45C1-8030-86706B8A4D24}.Debug|Any CPU.Build.0 = Debug|Any CPU
		{0015233F-B928-45C1-8030-86706B8A4D24}.Release|Any CPU.ActiveCfg = Release|Any CPU
		{0015233F-B928-45C1-8030-86706B8A4D24}.Release|Any CPU.Build.0 = Release|Any CPU
		{8F6B6D51-F273-47F5-8CB6-EE0D021CEEC2}.Debug|Any CPU.ActiveCfg = Debug|Any CPU
		{8F6B6D51-F273-47F5-8CB6-EE0D021CEEC2}.Debug|Any CPU.Build.0 = Debug|Any CPU
		{8F6B6D51-F273-47F5-8CB6-EE0D021CEEC2}.Debug|Any CPU.Deploy.0 = Debug|Any CPU
		{8F6B6D51-F273-47F5-8CB6-EE0D021CEEC2}.Release|Any CPU.ActiveCfg = Release|Any CPU
		{8F6B6D51-F273-47F5-8CB6-EE0D021CEEC2}.Release|Any CPU.Build.0 = Release|Any CPU
		{8F6B6D51-F273-47F5-8CB6-EE0D021CEEC2}.Release|Any CPU.Deploy.0 = Release|Any CPU
	EndGlobalSection
	GlobalSection(SolutionProperties) = preSolution
		HideSolutionNode = FALSE
	EndGlobalSection
EndGlobal
